
Microsoft Visual Studio Solution File, Format Version 12.00
# Visual Studio Version 17
VisualStudioVersion = 17.13.35818.85 d17.13
MinimumVisualStudioVersion = 10.0.40219.1
Project("{FAE04EC0-301F-11D3-BF4B-00C04F79EFBC}") = "Bai15_SoThocTrenBanCo", "Bai15_SoThocTrenBanCo.csproj", "{A85DC20A-AADB-4EC4-AAD4-582BA96C7AFC}"
EndProject
Global
	GlobalSection(SolutionConfigurationPlatforms) = preSolution
		Debug|Any CPU = Debug|Any CPU
		Release|Any CPU = Release|Any CPU
	EndGlobalSection
	GlobalSection(ProjectConfigurationPlatforms) = postSolution
		{A85DC20A-AADB-4EC4-AAD4-582BA96C7AFC}.Debug|Any CPU.ActiveCfg = Debug|Any CPU
		{A85DC20A-AADB-4EC4-AAD4-582BA96C7AFC}.Debug|Any CPU.Build.0 = Debug|Any CPU
		{A85DC20A-AADB-4EC4-AAD4-582BA96C7AFC}.Release|Any CPU.ActiveCfg = Release|Any CPU
		{A85DC20A-AADB-4EC4-AAD4-582BA96C7AFC}.Release|Any CPU.Build.0 = Release|Any CPU
	EndGlobalSection
	GlobalSection(SolutionProperties) = preSolution
		HideSolutionNode = FALSE
	EndGlobalSection
	GlobalSection(ExtensibilityGlobals) = postSolution
		SolutionGuid = {6833EA4B-4376-4004-9EC9-0EDA2EC2F5C5}
	EndGlobalSection
EndGlobal
